
Microsoft Visual Studio Solution File, Format Version 12.00
# Visual Studio Version 17
VisualStudioVersion = 17.4.33103.184
MinimumVisualStudioVersion = 10.0.40219.1
Project("{9A19103F-16F7-4668-BE54-9A1E7A4F7556}") = "AllocateNonMappedParcel", "AllocateNonMappedParcel\AllocateNonMappedParcel.csproj", "{DA333261-A500-4288-A9FF-F05FC72B8A50}"
EndProject
Project("{FAE04EC0-301F-11D3-BF4B-00C04F79EFBC}") = "SelectParcel", "SelectParcel\SelectParcel.csproj", "{32823A65-7C25-48D1-B839-EE9558D5F645}"
EndProject
Global
	GlobalSection(SolutionConfigurationPlatforms) = preSolution
		Debug|Any CPU = Debug|Any CPU
		Release|Any CPU = Release|Any CPU
	EndGlobalSection
	GlobalSection(ProjectConfigurationPlatforms) = postSolution
		{DA333261-A500-4288-A9FF-F05FC72B8A50}.Debug|Any CPU.ActiveCfg = Debug|Any CPU
		{DA333261-A500-4288-A9FF-F05FC72B8A50}.Debug|Any CPU.Build.0 = Debug|Any CPU
		{DA333261-A500-4288-A9FF-F05FC72B8A50}.Release|Any CPU.ActiveCfg = Release|Any CPU
		{DA333261-A500-4288-A9FF-F05FC72B8A50}.Release|Any CPU.Build.0 = Release|Any CPU
		{32823A65-7C25-48D1-B839-EE9558D5F645}.Debug|Any CPU.ActiveCfg = Debug|Any CPU
		{32823A65-7C25-48D1-B839-EE9558D5F645}.Debug|Any CPU.Build.0 = Debug|Any CPU
		{32823A65-7C25-48D1-B839-EE9558D5F645}.Release|Any CPU.ActiveCfg = Release|Any CPU
		{32823A65-7C25-48D1-B839-EE9558D5F645}.Release|Any CPU.Build.0 = Release|Any CPU
	EndGlobalSection
	GlobalSection(SolutionProperties) = preSolution
		HideSolutionNode = FALSE
	EndGlobalSection
	GlobalSection(ExtensibilityGlobals) = postSolution
		SolutionGuid = {95265DCB-5327-4978-B035-5F4D9F467952}
	EndGlobalSection
EndGlobal
