
Microsoft Visual Studio Solution File, Format Version 12.00
# Visual Studio Version 17
VisualStudioVersion = 17.4.33103.184
MinimumVisualStudioVersion = 10.0.40219.1
Project("{FAE04EC0-301F-11D3-BF4B-00C04F79EFBC}") = "OverlayCalculation", "OverlayCalculation\OverlayCalculation.csproj", "{828BFCAC-295F-4253-8EF3-6F988F695AA7}"
EndProject
Global
	GlobalSection(SolutionConfigurationPlatforms) = preSolution
		Debug|Any CPU = Debug|Any CPU
		Release|Any CPU = Release|Any CPU
	EndGlobalSection
	GlobalSection(ProjectConfigurationPlatforms) = postSolution
		{828BFCAC-295F-4253-8EF3-6F988F695AA7}.Debug|Any CPU.ActiveCfg = Debug|Any CPU
		{828BFCAC-295F-4253-8EF3-6F988F695AA7}.Debug|Any CPU.Build.0 = Debug|Any CPU
		{828BFCAC-295F-4253-8EF3-6F988F695AA7}.Release|Any CPU.ActiveCfg = Release|Any CPU
		{828BFCAC-295F-4253-8EF3-6F988F695AA7}.Release|Any CPU.Build.0 = Release|Any CPU
	EndGlobalSection
	GlobalSection(SolutionProperties) = preSolution
		HideSolutionNode = FALSE
	EndGlobalSection
	GlobalSection(ExtensibilityGlobals) = postSolution
		SolutionGuid = {D497F0C9-70D1-44B7-9543-BFB927D30F63}
	EndGlobalSection
EndGlobal
