
Microsoft Visual Studio Solution File, Format Version 12.00
# Visual Studio Version 17
VisualStudioVersion = 17.4.33103.184
MinimumVisualStudioVersion = 10.0.40219.1
Project("{FAE04EC0-301F-11D3-BF4B-00C04F79EFBC}") = "TreeViewMVVMBinding", "TreeViewMVVMBinding\TreeViewMVVMBinding.csproj", "{82074A06-1B2F-401B-B9A1-EE58CE57D36B}"
EndProject
Global
	GlobalSection(SolutionConfigurationPlatforms) = preSolution
		Debug|Any CPU = Debug|Any CPU
		Release|Any CPU = Release|Any CPU
	EndGlobalSection
	GlobalSection(ProjectConfigurationPlatforms) = postSolution
		{82074A06-1B2F-401B-B9A1-EE58CE57D36B}.Debug|Any CPU.ActiveCfg = Debug|Any CPU
		{82074A06-1B2F-401B-B9A1-EE58CE57D36B}.Debug|Any CPU.Build.0 = Debug|Any CPU
		{82074A06-1B2F-401B-B9A1-EE58CE57D36B}.Release|Any CPU.ActiveCfg = Release|Any CPU
		{82074A06-1B2F-401B-B9A1-EE58CE57D36B}.Release|Any CPU.Build.0 = Release|Any CPU
	EndGlobalSection
	GlobalSection(SolutionProperties) = preSolution
		HideSolutionNode = FALSE
	EndGlobalSection
	GlobalSection(ExtensibilityGlobals) = postSolution
		SolutionGuid = {0DA0AB31-7871-4209-B494-8BB5AD5510F0}
	EndGlobalSection
EndGlobal
