
Microsoft Visual Studio Solution File, Format Version 12.00
# Visual Studio Version 17
VisualStudioVersion = 17.4.33103.184
MinimumVisualStudioVersion = 10.0.40219.1
Project("{FAE04EC0-301F-11D3-BF4B-00C04F79EFBC}") = "DEMOProject", "DEMOProject\DEMOProject.csproj", "{6204CE57-1FE7-4245-A1F3-EF5A5C6A17FA}"
EndProject
Global
	GlobalSection(SolutionConfigurationPlatforms) = preSolution
		Debug|Any CPU = Debug|Any CPU
		Release|Any CPU = Release|Any CPU
	EndGlobalSection
	GlobalSection(ProjectConfigurationPlatforms) = postSolution
		{6204CE57-1FE7-4245-A1F3-EF5A5C6A17FA}.Debug|Any CPU.ActiveCfg = Debug|Any CPU
		{6204CE57-1FE7-4245-A1F3-EF5A5C6A17FA}.Debug|Any CPU.Build.0 = Debug|Any CPU
		{6204CE57-1FE7-4245-A1F3-EF5A5C6A17FA}.Release|Any CPU.ActiveCfg = Release|Any CPU
		{6204CE57-1FE7-4245-A1F3-EF5A5C6A17FA}.Release|Any CPU.Build.0 = Release|Any CPU
	EndGlobalSection
	GlobalSection(SolutionProperties) = preSolution
		HideSolutionNode = FALSE
	EndGlobalSection
	GlobalSection(ExtensibilityGlobals) = postSolution
		SolutionGuid = {433119AA-7080-44C1-902D-D1EA35F75F0A}
	EndGlobalSection
EndGlobal
