
Microsoft Visual Studio Solution File, Format Version 12.00
# Visual Studio Version 17
VisualStudioVersion = 17.3.32825.248
MinimumVisualStudioVersion = 10.0.40219.1
Project("{FAE04EC0-301F-11D3-BF4B-00C04F79EFBC}") = "InheritParentValues", "InheritParentValues.csproj", "{C08CF7C6-51C3-47EC-81B6-5B8D868BB30A}"
EndProject
Global
	GlobalSection(SolutionConfigurationPlatforms) = preSolution
		Debug|Any CPU = Debug|Any CPU
		Release|Any CPU = Release|Any CPU
	EndGlobalSection
	GlobalSection(ProjectConfigurationPlatforms) = postSolution
		{C08CF7C6-51C3-47EC-81B6-5B8D868BB30A}.Debug|Any CPU.ActiveCfg = Debug|Any CPU
		{C08CF7C6-51C3-47EC-81B6-5B8D868BB30A}.Debug|Any CPU.Build.0 = Debug|Any CPU
		{C08CF7C6-51C3-47EC-81B6-5B8D868BB30A}.Release|Any CPU.ActiveCfg = Release|Any CPU
		{C08CF7C6-51C3-47EC-81B6-5B8D868BB30A}.Release|Any CPU.Build.0 = Release|Any CPU
	EndGlobalSection
	GlobalSection(SolutionProperties) = preSolution
		HideSolutionNode = FALSE
	EndGlobalSection
	GlobalSection(ExtensibilityGlobals) = postSolution
		SolutionGuid = {881A35AC-E6EC-43CE-B21A-DD71CAC90FD0}
	EndGlobalSection
EndGlobal
