
Microsoft Visual Studio Solution File, Format Version 12.00
# Visual Studio Version 17
VisualStudioVersion = 17.4.33103.184
MinimumVisualStudioVersion = 10.0.40219.1
Project("{FAE04EC0-301F-11D3-BF4B-00C04F79EFBC}") = "WpfApp1", "WpfApp1\WpfApp1.csproj", "{15308A7B-B67E-4366-BE75-F4B1372840DD}"
EndProject
Global
	GlobalSection(SolutionConfigurationPlatforms) = preSolution
		Debug|Any CPU = Debug|Any CPU
		Release|Any CPU = Release|Any CPU
	EndGlobalSection
	GlobalSection(ProjectConfigurationPlatforms) = postSolution
		{15308A7B-B67E-4366-BE75-F4B1372840DD}.Debug|Any CPU.ActiveCfg = Debug|Any CPU
		{15308A7B-B67E-4366-BE75-F4B1372840DD}.Debug|Any CPU.Build.0 = Debug|Any CPU
		{15308A7B-B67E-4366-BE75-F4B1372840DD}.Release|Any CPU.ActiveCfg = Release|Any CPU
		{15308A7B-B67E-4366-BE75-F4B1372840DD}.Release|Any CPU.Build.0 = Release|Any CPU
	EndGlobalSection
	GlobalSection(SolutionProperties) = preSolution
		HideSolutionNode = FALSE
	EndGlobalSection
	GlobalSection(ExtensibilityGlobals) = postSolution
		SolutionGuid = {4DA20AEA-CD1B-4211-99EB-425191872B3E}
	EndGlobalSection
EndGlobal
